// !$*UTF8*$!
{
	archiveVersion = 1;
	classes = {
	};
	objectVersion = 55;
	objects = {

/* Begin PBXBuildFile section */
		CEBB4A59277057A600065A36 /* Movie.swift in Sources */ = {isa = PBXBuildFile; fileRef = CEBB4A58277057A600065A36 /* Movie.swift */; };
		CEBB4A5B2770584E00065A36 /* PopularCollection.swift in Sources */ = {isa = PBXBuildFile; fileRef = CEBB4A5A2770584E00065A36 /* PopularCollection.swift */; };
		CEBB4A5D27705BCF00065A36 /* PopularMoviesLoader.swift in Sources */ = {isa = PBXBuildFile; fileRef = CEBB4A5C27705BCF00065A36 /* PopularMoviesLoader.swift */; };
		CEBB4A6227705D0000065A36 /* RemotePopularMoviesLoaderTests.swift in Sources */ = {isa = PBXBuildFile; fileRef = CEBB4A6127705D0000065A36 /* RemotePopularMoviesLoaderTests.swift */; };
		CEBB4A65277089B600065A36 /* XCTestCase+TestHelpers.swift in Sources */ = {isa = PBXBuildFile; fileRef = CEBB4A64277089B600065A36 /* XCTestCase+TestHelpers.swift */; };
		CEBB4A6A27708F6300065A36 /* APIEndpoint.swift in Sources */ = {isa = PBXBuildFile; fileRef = CEBB4A6927708F6300065A36 /* APIEndpoint.swift */; };
		CEBB4A6C27708F8500065A36 /* RemotePopularMoviesLoader.swift in Sources */ = {isa = PBXBuildFile; fileRef = CEBB4A6B27708F8500065A36 /* RemotePopularMoviesLoader.swift */; };
		CEBB4A6F27708FCB00065A36 /* PopularMoviesMapper.swift in Sources */ = {isa = PBXBuildFile; fileRef = CEBB4A6E27708FCB00065A36 /* PopularMoviesMapper.swift */; };
		CEBB4A712770900C00065A36 /* RemotePopularMovies.swift in Sources */ = {isa = PBXBuildFile; fileRef = CEBB4A702770900C00065A36 /* RemotePopularMovies.swift */; };
		CEBB4A732770902600065A36 /* RemoteMovie.swift in Sources */ = {isa = PBXBuildFile; fileRef = CEBB4A722770902600065A36 /* RemoteMovie.swift */; };
		CEBB4A76277090DB00065A36 /* PopularMoviesRequest+TestHelpers.swift in Sources */ = {isa = PBXBuildFile; fileRef = CEBB4A75277090DB00065A36 /* PopularMoviesRequest+TestHelpers.swift */; };
		CEBB4A782770918800065A36 /* HTTPClient.swift in Sources */ = {isa = PBXBuildFile; fileRef = CEBB4A772770918800065A36 /* HTTPClient.swift */; };
		CEBB4A7A2771BB3800065A36 /* URLSessionClientTests.swift in Sources */ = {isa = PBXBuildFile; fileRef = CEBB4A792771BB3800065A36 /* URLSessionClientTests.swift */; };
		CEBB4A7D2771C22A00065A36 /* URLSessionHTTPClient.swift in Sources */ = {isa = PBXBuildFile; fileRef = CEBB4A7C2771C22A00065A36 /* URLSessionHTTPClient.swift */; };
		CEBB4A832771C3C600065A36 /* RemoteImageDataLoaderTests.swift in Sources */ = {isa = PBXBuildFile; fileRef = CEBB4A822771C3C600065A36 /* RemoteImageDataLoaderTests.swift */; };
		CEBB4A862771C4FF00065A36 /* HTTPClientSpy.swift in Sources */ = {isa = PBXBuildFile; fileRef = CEBB4A852771C4FF00065A36 /* HTTPClientSpy.swift */; };
		CEBB4A892771D22C00065A36 /* ImageDataLoader.swift in Sources */ = {isa = PBXBuildFile; fileRef = CEBB4A882771D22C00065A36 /* ImageDataLoader.swift */; };
		CEBB4A8C2771D25B00065A36 /* RemoteImageDataLoader.swift in Sources */ = {isa = PBXBuildFile; fileRef = CEBB4A8B2771D25B00065A36 /* RemoteImageDataLoader.swift */; };
		CEBB4A9A27730B1100065A36 /* ShowTimeiOS.framework in Frameworks */ = {isa = PBXBuildFile; fileRef = CEBB4A9227730B1000065A36 /* ShowTimeiOS.framework */; };
		CEBB4AA927730D8200065A36 /* PopularCollectionViewControllerTests.swift in Sources */ = {isa = PBXBuildFile; fileRef = CEBB4AA827730D8200065A36 /* PopularCollectionViewControllerTests.swift */; };
		CEBB4AAB27730E2100065A36 /* ShowTimeCore.framework in Frameworks */ = {isa = PBXBuildFile; fileRef = CEDA256D2770528000452221 /* ShowTimeCore.framework */; };
		CEBB4AAC27730E2100065A36 /* ShowTimeCore.framework in Embed Frameworks */ = {isa = PBXBuildFile; fileRef = CEDA256D2770528000452221 /* ShowTimeCore.framework */; settings = {ATTRIBUTES = (CodeSignOnCopy, RemoveHeadersOnCopy, ); }; };
		CEBB4AB32775C5B700065A36 /* PopularMovieCell.swift in Sources */ = {isa = PBXBuildFile; fileRef = CEBB4AB22775C5B700065A36 /* PopularMovieCell.swift */; };
		CEBB4AB62775C5EC00065A36 /* PopularCollectionViewController.swift in Sources */ = {isa = PBXBuildFile; fileRef = CEBB4AB52775C5EC00065A36 /* PopularCollectionViewController.swift */; };
		CEBB4AB92775C66900065A36 /* UIView+Shimmering.swift in Sources */ = {isa = PBXBuildFile; fileRef = CEBB4AB82775C66900065A36 /* UIView+Shimmering.swift */; };
		CEBB4AC12775C72E00065A36 /* PopularCollectionViewController+TestHelpers.swift in Sources */ = {isa = PBXBuildFile; fileRef = CEBB4AC02775C72E00065A36 /* PopularCollectionViewController+TestHelpers.swift */; };
		CEBB4AC32775C7C700065A36 /* PopularMovieCell+TestHelpers.swift in Sources */ = {isa = PBXBuildFile; fileRef = CEBB4AC22775C7C700065A36 /* PopularMovieCell+TestHelpers.swift */; };
		CEBB4AC52775C7F000065A36 /* UIRefreshControl+TestHelpers.swift in Sources */ = {isa = PBXBuildFile; fileRef = CEBB4AC42775C7F000065A36 /* UIRefreshControl+TestHelpers.swift */; };
		CEBB4AC72775C80C00065A36 /* UIControl+TestHelpers.swift in Sources */ = {isa = PBXBuildFile; fileRef = CEBB4AC62775C80C00065A36 /* UIControl+TestHelpers.swift */; };
		CEBB4AC92775C82800065A36 /* UIImage+TestHelpers.swift in Sources */ = {isa = PBXBuildFile; fileRef = CEBB4AC82775C82800065A36 /* UIImage+TestHelpers.swift */; };
		CEBB4ACB2775C96300065A36 /* PopularCollection+TestHelpers.swift in Sources */ = {isa = PBXBuildFile; fileRef = CEBB4ACA2775C96300065A36 /* PopularCollection+TestHelpers.swift */; };
		CEBB4ACD2775CAAF00065A36 /* PopularMovieCellController.swift in Sources */ = {isa = PBXBuildFile; fileRef = CEBB4ACC2775CAAF00065A36 /* PopularMovieCellController.swift */; };
		CEBB4AD22775CB9300065A36 /* PopularCollectionViewModel.swift in Sources */ = {isa = PBXBuildFile; fileRef = CEBB4AD12775CB9300065A36 /* PopularCollectionViewModel.swift */; };
		CEBB4AD42775CBE400065A36 /* PopularCollectionLoadingViewModel.swift in Sources */ = {isa = PBXBuildFile; fileRef = CEBB4AD32775CBE400065A36 /* PopularCollectionLoadingViewModel.swift */; };
		CEBB4AD62775CC0F00065A36 /* PopularCollectionViewPresenter.swift in Sources */ = {isa = PBXBuildFile; fileRef = CEBB4AD52775CC0F00065A36 /* PopularCollectionViewPresenter.swift */; };
		CEBB4AD82775CD3000065A36 /* PopularMoviePresenter.swift in Sources */ = {isa = PBXBuildFile; fileRef = CEBB4AD72775CD3000065A36 /* PopularMoviePresenter.swift */; };
		CEBB4ADC2775CF0C00065A36 /* UIImageView+Animations.swift in Sources */ = {isa = PBXBuildFile; fileRef = CEBB4ADB2775CF0C00065A36 /* UIImageView+Animations.swift */; };
		CEBB4AE227760C7C00065A36 /* PopularCollectionUIComposer.swift in Sources */ = {isa = PBXBuildFile; fileRef = CEBB4AE127760C7C00065A36 /* PopularCollectionUIComposer.swift */; };
		CEBB4AE52776187B00065A36 /* PopularCollectionViewPresentationAdapter.swift in Sources */ = {isa = PBXBuildFile; fileRef = CEBB4AE42776187B00065A36 /* PopularCollectionViewPresentationAdapter.swift */; };
		CEBB4AE7277618A000065A36 /* PopularCollectionViewAdapter.swift in Sources */ = {isa = PBXBuildFile; fileRef = CEBB4AE6277618A000065A36 /* PopularCollectionViewAdapter.swift */; };
		CEBB4AE92776190700065A36 /* PopularMovieImageDataLoaderPresentationAdapter.swift in Sources */ = {isa = PBXBuildFile; fileRef = CEBB4AE82776190700065A36 /* PopularMovieImageDataLoaderPresentationAdapter.swift */; };
		CEBB4AEB2776195800065A36 /* WeakRefVirtualProxy.swift in Sources */ = {isa = PBXBuildFile; fileRef = CEBB4AEA2776195800065A36 /* WeakRefVirtualProxy.swift */; };
		CEBB4BB22777470F00065A36 /* MainQueueDispatchDecorator.swift in Sources */ = {isa = PBXBuildFile; fileRef = CEBB4BB12777470F00065A36 /* MainQueueDispatchDecorator.swift */; };
		CEBB4BB6277756E400065A36 /* PopularCollectionPagingController.swift in Sources */ = {isa = PBXBuildFile; fileRef = CEBB4BB5277756E400065A36 /* PopularCollectionPagingController.swift */; };
		CEBB4BB827775D1D00065A36 /* PopularCollectionPagingViewModel.swift in Sources */ = {isa = PBXBuildFile; fileRef = CEBB4BB727775D1D00065A36 /* PopularCollectionPagingViewModel.swift */; };
		CEBB4BBC277865EE00065A36 /* MovieDetailLoader.swift in Sources */ = {isa = PBXBuildFile; fileRef = CEBB4BBB277865EE00065A36 /* MovieDetailLoader.swift */; };
		CEBB4BC227786A2000065A36 /* RemoteMovieDetailLoader.swift in Sources */ = {isa = PBXBuildFile; fileRef = CEBB4BC127786A2000065A36 /* RemoteMovieDetailLoader.swift */; };
		CEBB4BC427786AC500065A36 /* MovieDetailMapper.swift in Sources */ = {isa = PBXBuildFile; fileRef = CEBB4BC327786AC500065A36 /* MovieDetailMapper.swift */; };
		CEBB4BC527786EEA00065A36 /* RemoteMovieDetailLoaderTests.swift in Sources */ = {isa = PBXBuildFile; fileRef = CEBB4BBF277866AA00065A36 /* RemoteMovieDetailLoaderTests.swift */; };
		CEBB4BC82779EAEE00065A36 /* MovieDetailsViewController.swift in Sources */ = {isa = PBXBuildFile; fileRef = CEBB4BC72779EAEE00065A36 /* MovieDetailsViewController.swift */; };
		CEBB4BCC2779EB4100065A36 /* MovieDetailsView.swift in Sources */ = {isa = PBXBuildFile; fileRef = CEBB4BCB2779EB4100065A36 /* MovieDetailsView.swift */; };
		CEBB4BD02779EEFC00065A36 /* MovieDetailsViewControllerTests.swift in Sources */ = {isa = PBXBuildFile; fileRef = CEBB4BCF2779EEFC00065A36 /* MovieDetailsViewControllerTests.swift */; };
		CEBB4BD32779F27A00065A36 /* XCTestCase+TestHelpers.swift in Sources */ = {isa = PBXBuildFile; fileRef = CEBB4BD22779F27A00065A36 /* XCTestCase+TestHelpers.swift */; };
		CEDA25762770528100452221 /* ShowTimeCore.framework in Frameworks */ = {isa = PBXBuildFile; fileRef = CEDA256D2770528000452221 /* ShowTimeCore.framework */; };
/* End PBXBuildFile section */

/* Begin PBXContainerItemProxy section */
		CEBB4A9B27730B1100065A36 /* PBXContainerItemProxy */ = {
			isa = PBXContainerItemProxy;
			containerPortal = CEDA25642770528000452221 /* Project object */;
			proxyType = 1;
			remoteGlobalIDString = CEBB4A9127730B1000065A36;
			remoteInfo = ShowTimeiOS;
		};
		CEBB4AAD27730E2100065A36 /* PBXContainerItemProxy */ = {
			isa = PBXContainerItemProxy;
			containerPortal = CEDA25642770528000452221 /* Project object */;
			proxyType = 1;
			remoteGlobalIDString = CEDA256C2770528000452221;
			remoteInfo = ShowTimeCore;
		};
		CEDA25772770528100452221 /* PBXContainerItemProxy */ = {
			isa = PBXContainerItemProxy;
			containerPortal = CEDA25642770528000452221 /* Project object */;
			proxyType = 1;
			remoteGlobalIDString = CEDA256C2770528000452221;
			remoteInfo = ShowTimeCore;
		};
/* End PBXContainerItemProxy section */

/* Begin PBXCopyFilesBuildPhase section */
		CEBB4AAF27730E2100065A36 /* Embed Frameworks */ = {
			isa = PBXCopyFilesBuildPhase;
			buildActionMask = 2147483647;
			dstPath = "";
			dstSubfolderSpec = 10;
			files = (
				CEBB4AAC27730E2100065A36 /* ShowTimeCore.framework in Embed Frameworks */,
			);
			name = "Embed Frameworks";
			runOnlyForDeploymentPostprocessing = 0;
		};
/* End PBXCopyFilesBuildPhase section */

/* Begin PBXFileReference section */
		CEBB4A58277057A600065A36 /* Movie.swift */ = {isa = PBXFileReference; lastKnownFileType = sourcecode.swift; path = Movie.swift; sourceTree = "<group>"; };
		CEBB4A5A2770584E00065A36 /* PopularCollection.swift */ = {isa = PBXFileReference; lastKnownFileType = sourcecode.swift; path = PopularCollection.swift; sourceTree = "<group>"; };
		CEBB4A5C27705BCF00065A36 /* PopularMoviesLoader.swift */ = {isa = PBXFileReference; lastKnownFileType = sourcecode.swift; path = PopularMoviesLoader.swift; sourceTree = "<group>"; };
		CEBB4A6127705D0000065A36 /* RemotePopularMoviesLoaderTests.swift */ = {isa = PBXFileReference; lastKnownFileType = sourcecode.swift; path = RemotePopularMoviesLoaderTests.swift; sourceTree = "<group>"; };
		CEBB4A64277089B600065A36 /* XCTestCase+TestHelpers.swift */ = {isa = PBXFileReference; lastKnownFileType = sourcecode.swift; path = "XCTestCase+TestHelpers.swift"; sourceTree = "<group>"; };
		CEBB4A6927708F6300065A36 /* APIEndpoint.swift */ = {isa = PBXFileReference; lastKnownFileType = sourcecode.swift; path = APIEndpoint.swift; sourceTree = "<group>"; };
		CEBB4A6B27708F8500065A36 /* RemotePopularMoviesLoader.swift */ = {isa = PBXFileReference; lastKnownFileType = sourcecode.swift; path = RemotePopularMoviesLoader.swift; sourceTree = "<group>"; };
		CEBB4A6E27708FCB00065A36 /* PopularMoviesMapper.swift */ = {isa = PBXFileReference; lastKnownFileType = sourcecode.swift; path = PopularMoviesMapper.swift; sourceTree = "<group>"; };
		CEBB4A702770900C00065A36 /* RemotePopularMovies.swift */ = {isa = PBXFileReference; lastKnownFileType = sourcecode.swift; path = RemotePopularMovies.swift; sourceTree = "<group>"; };
		CEBB4A722770902600065A36 /* RemoteMovie.swift */ = {isa = PBXFileReference; lastKnownFileType = sourcecode.swift; path = RemoteMovie.swift; sourceTree = "<group>"; };
		CEBB4A75277090DB00065A36 /* PopularMoviesRequest+TestHelpers.swift */ = {isa = PBXFileReference; lastKnownFileType = sourcecode.swift; path = "PopularMoviesRequest+TestHelpers.swift"; sourceTree = "<group>"; };
		CEBB4A772770918800065A36 /* HTTPClient.swift */ = {isa = PBXFileReference; lastKnownFileType = sourcecode.swift; path = HTTPClient.swift; sourceTree = "<group>"; };
		CEBB4A792771BB3800065A36 /* URLSessionClientTests.swift */ = {isa = PBXFileReference; lastKnownFileType = sourcecode.swift; path = URLSessionClientTests.swift; sourceTree = "<group>"; };
		CEBB4A7C2771C22A00065A36 /* URLSessionHTTPClient.swift */ = {isa = PBXFileReference; lastKnownFileType = sourcecode.swift; path = URLSessionHTTPClient.swift; sourceTree = "<group>"; };
		CEBB4A822771C3C600065A36 /* RemoteImageDataLoaderTests.swift */ = {isa = PBXFileReference; lastKnownFileType = sourcecode.swift; path = RemoteImageDataLoaderTests.swift; sourceTree = "<group>"; };
		CEBB4A852771C4FF00065A36 /* HTTPClientSpy.swift */ = {isa = PBXFileReference; lastKnownFileType = sourcecode.swift; path = HTTPClientSpy.swift; sourceTree = "<group>"; };
		CEBB4A882771D22C00065A36 /* ImageDataLoader.swift */ = {isa = PBXFileReference; lastKnownFileType = sourcecode.swift; path = ImageDataLoader.swift; sourceTree = "<group>"; };
		CEBB4A8B2771D25B00065A36 /* RemoteImageDataLoader.swift */ = {isa = PBXFileReference; lastKnownFileType = sourcecode.swift; path = RemoteImageDataLoader.swift; sourceTree = "<group>"; };
		CEBB4A9227730B1000065A36 /* ShowTimeiOS.framework */ = {isa = PBXFileReference; explicitFileType = wrapper.framework; includeInIndex = 0; path = ShowTimeiOS.framework; sourceTree = BUILT_PRODUCTS_DIR; };
		CEBB4A9927730B1100065A36 /* ShowTimeiOSTests.xctest */ = {isa = PBXFileReference; explicitFileType = wrapper.cfbundle; includeInIndex = 0; path = ShowTimeiOSTests.xctest; sourceTree = BUILT_PRODUCTS_DIR; };
		CEBB4AA827730D8200065A36 /* PopularCollectionViewControllerTests.swift */ = {isa = PBXFileReference; lastKnownFileType = sourcecode.swift; path = PopularCollectionViewControllerTests.swift; sourceTree = "<group>"; };
		CEBB4AB22775C5B700065A36 /* PopularMovieCell.swift */ = {isa = PBXFileReference; lastKnownFileType = sourcecode.swift; path = PopularMovieCell.swift; sourceTree = "<group>"; };
		CEBB4AB52775C5EC00065A36 /* PopularCollectionViewController.swift */ = {isa = PBXFileReference; lastKnownFileType = sourcecode.swift; path = PopularCollectionViewController.swift; sourceTree = "<group>"; };
		CEBB4AB82775C66900065A36 /* UIView+Shimmering.swift */ = {isa = PBXFileReference; lastKnownFileType = sourcecode.swift; path = "UIView+Shimmering.swift"; sourceTree = "<group>"; };
		CEBB4AC02775C72E00065A36 /* PopularCollectionViewController+TestHelpers.swift */ = {isa = PBXFileReference; lastKnownFileType = sourcecode.swift; path = "PopularCollectionViewController+TestHelpers.swift"; sourceTree = "<group>"; };
		CEBB4AC22775C7C700065A36 /* PopularMovieCell+TestHelpers.swift */ = {isa = PBXFileReference; lastKnownFileType = sourcecode.swift; path = "PopularMovieCell+TestHelpers.swift"; sourceTree = "<group>"; };
		CEBB4AC42775C7F000065A36 /* UIRefreshControl+TestHelpers.swift */ = {isa = PBXFileReference; lastKnownFileType = sourcecode.swift; path = "UIRefreshControl+TestHelpers.swift"; sourceTree = "<group>"; };
		CEBB4AC62775C80C00065A36 /* UIControl+TestHelpers.swift */ = {isa = PBXFileReference; lastKnownFileType = sourcecode.swift; path = "UIControl+TestHelpers.swift"; sourceTree = "<group>"; };
		CEBB4AC82775C82800065A36 /* UIImage+TestHelpers.swift */ = {isa = PBXFileReference; lastKnownFileType = sourcecode.swift; path = "UIImage+TestHelpers.swift"; sourceTree = "<group>"; };
		CEBB4ACA2775C96300065A36 /* PopularCollection+TestHelpers.swift */ = {isa = PBXFileReference; lastKnownFileType = sourcecode.swift; path = "PopularCollection+TestHelpers.swift"; sourceTree = "<group>"; };
		CEBB4ACC2775CAAF00065A36 /* PopularMovieCellController.swift */ = {isa = PBXFileReference; lastKnownFileType = sourcecode.swift; path = PopularMovieCellController.swift; sourceTree = "<group>"; };
		CEBB4AD12775CB9300065A36 /* PopularCollectionViewModel.swift */ = {isa = PBXFileReference; lastKnownFileType = sourcecode.swift; path = PopularCollectionViewModel.swift; sourceTree = "<group>"; };
		CEBB4AD32775CBE400065A36 /* PopularCollectionLoadingViewModel.swift */ = {isa = PBXFileReference; lastKnownFileType = sourcecode.swift; path = PopularCollectionLoadingViewModel.swift; sourceTree = "<group>"; };
		CEBB4AD52775CC0F00065A36 /* PopularCollectionViewPresenter.swift */ = {isa = PBXFileReference; lastKnownFileType = sourcecode.swift; path = PopularCollectionViewPresenter.swift; sourceTree = "<group>"; };
		CEBB4AD72775CD3000065A36 /* PopularMoviePresenter.swift */ = {isa = PBXFileReference; lastKnownFileType = sourcecode.swift; path = PopularMoviePresenter.swift; sourceTree = "<group>"; };
		CEBB4ADB2775CF0C00065A36 /* UIImageView+Animations.swift */ = {isa = PBXFileReference; lastKnownFileType = sourcecode.swift; path = "UIImageView+Animations.swift"; sourceTree = "<group>"; };
		CEBB4AE127760C7C00065A36 /* PopularCollectionUIComposer.swift */ = {isa = PBXFileReference; lastKnownFileType = sourcecode.swift; path = PopularCollectionUIComposer.swift; sourceTree = "<group>"; };
		CEBB4AE42776187B00065A36 /* PopularCollectionViewPresentationAdapter.swift */ = {isa = PBXFileReference; lastKnownFileType = sourcecode.swift; path = PopularCollectionViewPresentationAdapter.swift; sourceTree = "<group>"; };
		CEBB4AE6277618A000065A36 /* PopularCollectionViewAdapter.swift */ = {isa = PBXFileReference; lastKnownFileType = sourcecode.swift; path = PopularCollectionViewAdapter.swift; sourceTree = "<group>"; };
		CEBB4AE82776190700065A36 /* PopularMovieImageDataLoaderPresentationAdapter.swift */ = {isa = PBXFileReference; lastKnownFileType = sourcecode.swift; path = PopularMovieImageDataLoaderPresentationAdapter.swift; sourceTree = "<group>"; };
		CEBB4AEA2776195800065A36 /* WeakRefVirtualProxy.swift */ = {isa = PBXFileReference; lastKnownFileType = sourcecode.swift; path = WeakRefVirtualProxy.swift; sourceTree = "<group>"; };
		CEBB4BB12777470F00065A36 /* MainQueueDispatchDecorator.swift */ = {isa = PBXFileReference; lastKnownFileType = sourcecode.swift; path = MainQueueDispatchDecorator.swift; sourceTree = "<group>"; };
		CEBB4BB5277756E400065A36 /* PopularCollectionPagingController.swift */ = {isa = PBXFileReference; lastKnownFileType = sourcecode.swift; path = PopularCollectionPagingController.swift; sourceTree = "<group>"; };
		CEBB4BB727775D1D00065A36 /* PopularCollectionPagingViewModel.swift */ = {isa = PBXFileReference; lastKnownFileType = sourcecode.swift; path = PopularCollectionPagingViewModel.swift; sourceTree = "<group>"; };
		CEBB4BBB277865EE00065A36 /* MovieDetailLoader.swift */ = {isa = PBXFileReference; lastKnownFileType = sourcecode.swift; path = MovieDetailLoader.swift; sourceTree = "<group>"; };
		CEBB4BBF277866AA00065A36 /* RemoteMovieDetailLoaderTests.swift */ = {isa = PBXFileReference; lastKnownFileType = sourcecode.swift; path = RemoteMovieDetailLoaderTests.swift; sourceTree = "<group>"; };
		CEBB4BC127786A2000065A36 /* RemoteMovieDetailLoader.swift */ = {isa = PBXFileReference; lastKnownFileType = sourcecode.swift; path = RemoteMovieDetailLoader.swift; sourceTree = "<group>"; };
		CEBB4BC327786AC500065A36 /* MovieDetailMapper.swift */ = {isa = PBXFileReference; lastKnownFileType = sourcecode.swift; path = MovieDetailMapper.swift; sourceTree = "<group>"; };
		CEBB4BC72779EAEE00065A36 /* MovieDetailsViewController.swift */ = {isa = PBXFileReference; lastKnownFileType = sourcecode.swift; path = MovieDetailsViewController.swift; sourceTree = "<group>"; };
		CEBB4BCB2779EB4100065A36 /* MovieDetailsView.swift */ = {isa = PBXFileReference; lastKnownFileType = sourcecode.swift; path = MovieDetailsView.swift; sourceTree = "<group>"; };
		CEBB4BCF2779EEFC00065A36 /* MovieDetailsViewControllerTests.swift */ = {isa = PBXFileReference; lastKnownFileType = sourcecode.swift; path = MovieDetailsViewControllerTests.swift; sourceTree = "<group>"; };
		CEBB4BD22779F27A00065A36 /* XCTestCase+TestHelpers.swift */ = {isa = PBXFileReference; lastKnownFileType = sourcecode.swift; path = "XCTestCase+TestHelpers.swift"; sourceTree = "<group>"; };
		CEDA256D2770528000452221 /* ShowTimeCore.framework */ = {isa = PBXFileReference; explicitFileType = wrapper.framework; includeInIndex = 0; path = ShowTimeCore.framework; sourceTree = BUILT_PRODUCTS_DIR; };
		CEDA25752770528100452221 /* ShowTimeCoreTests.xctest */ = {isa = PBXFileReference; explicitFileType = wrapper.cfbundle; includeInIndex = 0; path = ShowTimeCoreTests.xctest; sourceTree = BUILT_PRODUCTS_DIR; };
/* End PBXFileReference section */

/* Begin PBXFrameworksBuildPhase section */
		CEBB4A8F27730B1000065A36 /* Frameworks */ = {
			isa = PBXFrameworksBuildPhase;
			buildActionMask = 2147483647;
			files = (
				CEBB4AAB27730E2100065A36 /* ShowTimeCore.framework in Frameworks */,
			);
			runOnlyForDeploymentPostprocessing = 0;
		};
		CEBB4A9627730B1100065A36 /* Frameworks */ = {
			isa = PBXFrameworksBuildPhase;
			buildActionMask = 2147483647;
			files = (
				CEBB4A9A27730B1100065A36 /* ShowTimeiOS.framework in Frameworks */,
			);
			runOnlyForDeploymentPostprocessing = 0;
		};
		CEDA256A2770528000452221 /* Frameworks */ = {
			isa = PBXFrameworksBuildPhase;
			buildActionMask = 2147483647;
			files = (
			);
			runOnlyForDeploymentPostprocessing = 0;
		};
		CEDA25722770528100452221 /* Frameworks */ = {
			isa = PBXFrameworksBuildPhase;
			buildActionMask = 2147483647;
			files = (
				CEDA25762770528100452221 /* ShowTimeCore.framework in Frameworks */,
			);
			runOnlyForDeploymentPostprocessing = 0;
		};
/* End PBXFrameworksBuildPhase section */

/* Begin PBXGroup section */
		CEBB4A54277056CE00065A36 /* Features */ = {
			isa = PBXGroup;
			children = (
				CEBB4BB9277865B500065A36 /* Shared Models */,
				CEBB4A872771D21B00065A36 /* Image Data Loader */,
				CEBB4A55277056E900065A36 /* Popular Collection */,
				CEBB4BBA277865C800065A36 /* Movie Detail */,
			);
			path = Features;
			sourceTree = "<group>";
		};
		CEBB4A55277056E900065A36 /* Popular Collection */ = {
			isa = PBXGroup;
			children = (
				CEBB4A5A2770584E00065A36 /* PopularCollection.swift */,
				CEBB4A5C27705BCF00065A36 /* PopularMoviesLoader.swift */,
			);
			path = "Popular Collection";
			sourceTree = "<group>";
		};
		CEBB4A5F27705CD000065A36 /* Network */ = {
			isa = PBXGroup;
			children = (
				CEBB4A842771C4F800065A36 /* Helpers */,
				CEBB4A7F2771C2BB00065A36 /* Shared */,
				CEBB4A6027705CDA00065A36 /* Popular Collection */,
				CEBB4A812771C34800065A36 /* Image Data Loader */,
				CEBB4BBE2778668A00065A36 /* Movie Detail */,
			);
			path = Network;
			sourceTree = "<group>";
		};
		CEBB4A6027705CDA00065A36 /* Popular Collection */ = {
			isa = PBXGroup;
			children = (
				CEBB4A74277090CE00065A36 /* Helpers */,
				CEBB4A6127705D0000065A36 /* RemotePopularMoviesLoaderTests.swift */,
			);
			path = "Popular Collection";
			sourceTree = "<group>";
		};
		CEBB4A63277089A700065A36 /* Helpers */ = {
			isa = PBXGroup;
			children = (
				CEBB4A64277089B600065A36 /* XCTestCase+TestHelpers.swift */,
			);
			path = Helpers;
			sourceTree = "<group>";
		};
		CEBB4A6627708F3B00065A36 /* Network */ = {
			isa = PBXGroup;
			children = (
				CEBB4A6D27708FBD00065A36 /* Models */,
				CEBB4A7B2771C21C00065A36 /* Shared */,
				CEBB4A6827708F5B00065A36 /* Endpoint */,
				CEBB4A6727708F4900065A36 /* Popular Collection */,
				CEBB4A8A2771D24A00065A36 /* Image Data Loader */,
				CEBB4BBD2778667400065A36 /* Movie Detail */,
			);
			path = Network;
			sourceTree = "<group>";
		};
		CEBB4A6727708F4900065A36 /* Popular Collection */ = {
			isa = PBXGroup;
			children = (
				CEBB4A6B27708F8500065A36 /* RemotePopularMoviesLoader.swift */,
				CEBB4A6E27708FCB00065A36 /* PopularMoviesMapper.swift */,
			);
			path = "Popular Collection";
			sourceTree = "<group>";
		};
		CEBB4A6827708F5B00065A36 /* Endpoint */ = {
			isa = PBXGroup;
			children = (
				CEBB4A6927708F6300065A36 /* APIEndpoint.swift */,
			);
			path = Endpoint;
			sourceTree = "<group>";
		};
		CEBB4A6D27708FBD00065A36 /* Models */ = {
			isa = PBXGroup;
			children = (
				CEBB4A702770900C00065A36 /* RemotePopularMovies.swift */,
				CEBB4A722770902600065A36 /* RemoteMovie.swift */,
			);
			path = Models;
			sourceTree = "<group>";
		};
		CEBB4A74277090CE00065A36 /* Helpers */ = {
			isa = PBXGroup;
			children = (
				CEBB4A75277090DB00065A36 /* PopularMoviesRequest+TestHelpers.swift */,
			);
			path = Helpers;
			sourceTree = "<group>";
		};
		CEBB4A7B2771C21C00065A36 /* Shared */ = {
			isa = PBXGroup;
			children = (
				CEBB4A772770918800065A36 /* HTTPClient.swift */,
				CEBB4A7C2771C22A00065A36 /* URLSessionHTTPClient.swift */,
			);
			path = Shared;
			sourceTree = "<group>";
		};
		CEBB4A7F2771C2BB00065A36 /* Shared */ = {
			isa = PBXGroup;
			children = (
				CEBB4A792771BB3800065A36 /* URLSessionClientTests.swift */,
			);
			path = Shared;
			sourceTree = "<group>";
		};
		CEBB4A812771C34800065A36 /* Image Data Loader */ = {
			isa = PBXGroup;
			children = (
				CEBB4A822771C3C600065A36 /* RemoteImageDataLoaderTests.swift */,
			);
			path = "Image Data Loader";
			sourceTree = "<group>";
		};
		CEBB4A842771C4F800065A36 /* Helpers */ = {
			isa = PBXGroup;
			children = (
				CEBB4A852771C4FF00065A36 /* HTTPClientSpy.swift */,
			);
			path = Helpers;
			sourceTree = "<group>";
		};
		CEBB4A872771D21B00065A36 /* Image Data Loader */ = {
			isa = PBXGroup;
			children = (
				CEBB4A882771D22C00065A36 /* ImageDataLoader.swift */,
			);
			path = "Image Data Loader";
			sourceTree = "<group>";
		};
		CEBB4A8A2771D24A00065A36 /* Image Data Loader */ = {
			isa = PBXGroup;
			children = (
				CEBB4A8B2771D25B00065A36 /* RemoteImageDataLoader.swift */,
			);
			path = "Image Data Loader";
			sourceTree = "<group>";
		};
		CEBB4A9327730B1000065A36 /* ShowTimeiOS */ = {
			isa = PBXGroup;
			children = (
				CEBB4BC62779EADE00065A36 /* Movie Details */,
				CEBB4ADD2775D4FB00065A36 /* Helpers */,
				CEBB4AB02775C59A00065A36 /* Popular Collection */,
			);
			path = ShowTimeiOS;
			sourceTree = "<group>";
		};
		CEBB4A9D27730B1100065A36 /* ShowTimeiOSTests */ = {
			isa = PBXGroup;
			children = (
				CEBB4BD12779F26900065A36 /* Helpers */,
				CEBB4BCD2779EED100065A36 /* Movie Details */,
				CEBB4ABA2775C6A900065A36 /* Popular Collection */,
			);
			path = ShowTimeiOSTests;
			sourceTree = "<group>";
		};
		CEBB4AAA27730E2100065A36 /* Frameworks */ = {
			isa = PBXGroup;
			children = (
			);
			name = Frameworks;
			sourceTree = "<group>";
		};
		CEBB4AB02775C59A00065A36 /* Popular Collection */ = {
			isa = PBXGroup;
			children = (
				CEBB4AE32776187300065A36 /* Adapters */,
				CEBB4AE02775D5D200065A36 /* Composer */,
				CEBB4ACE2775CB0300065A36 /* Presenter */,
				CEBB4AB42775C5E200065A36 /* View Controllers */,
				CEBB4AB12775C5B000065A36 /* Views */,
			);
			path = "Popular Collection";
			sourceTree = "<group>";
		};
		CEBB4AB12775C5B000065A36 /* Views */ = {
			isa = PBXGroup;
			children = (
				CEBB4AB82775C66900065A36 /* UIView+Shimmering.swift */,
				CEBB4AB22775C5B700065A36 /* PopularMovieCell.swift */,
				CEBB4ADB2775CF0C00065A36 /* UIImageView+Animations.swift */,
			);
			path = Views;
			sourceTree = "<group>";
		};
		CEBB4AB42775C5E200065A36 /* View Controllers */ = {
			isa = PBXGroup;
			children = (
				CEBB4AB52775C5EC00065A36 /* PopularCollectionViewController.swift */,
				CEBB4ACC2775CAAF00065A36 /* PopularMovieCellController.swift */,
				CEBB4BB5277756E400065A36 /* PopularCollectionPagingController.swift */,
			);
			path = "View Controllers";
			sourceTree = "<group>";
		};
		CEBB4ABA2775C6A900065A36 /* Popular Collection */ = {
			isa = PBXGroup;
			children = (
				CEBB4ABB2775C6B400065A36 /* View Controllers */,
			);
			path = "Popular Collection";
			sourceTree = "<group>";
		};
		CEBB4ABB2775C6B400065A36 /* View Controllers */ = {
			isa = PBXGroup;
			children = (
				CEBB4ABD2775C6F300065A36 /* Helpers */,
				CEBB4AA827730D8200065A36 /* PopularCollectionViewControllerTests.swift */,
			);
			path = "View Controllers";
			sourceTree = "<group>";
		};
		CEBB4ABD2775C6F300065A36 /* Helpers */ = {
			isa = PBXGroup;
			children = (
				CEBB4AC02775C72E00065A36 /* PopularCollectionViewController+TestHelpers.swift */,
				CEBB4AC22775C7C700065A36 /* PopularMovieCell+TestHelpers.swift */,
				CEBB4AC42775C7F000065A36 /* UIRefreshControl+TestHelpers.swift */,
				CEBB4AC62775C80C00065A36 /* UIControl+TestHelpers.swift */,
				CEBB4AC82775C82800065A36 /* UIImage+TestHelpers.swift */,
				CEBB4ACA2775C96300065A36 /* PopularCollection+TestHelpers.swift */,
			);
			path = Helpers;
			sourceTree = "<group>";
		};
		CEBB4ACE2775CB0300065A36 /* Presenter */ = {
			isa = PBXGroup;
			children = (
				CEBB4AD12775CB9300065A36 /* PopularCollectionViewModel.swift */,
				CEBB4AD32775CBE400065A36 /* PopularCollectionLoadingViewModel.swift */,
				CEBB4AD52775CC0F00065A36 /* PopularCollectionViewPresenter.swift */,
				CEBB4AD72775CD3000065A36 /* PopularMoviePresenter.swift */,
				CEBB4BB727775D1D00065A36 /* PopularCollectionPagingViewModel.swift */,
			);
			path = Presenter;
			sourceTree = "<group>";
		};
		CEBB4ADD2775D4FB00065A36 /* Helpers */ = {
			isa = PBXGroup;
			children = (
				CEBB4AEA2776195800065A36 /* WeakRefVirtualProxy.swift */,
				CEBB4BB12777470F00065A36 /* MainQueueDispatchDecorator.swift */,
			);
			path = Helpers;
			sourceTree = "<group>";
		};
		CEBB4AE02775D5D200065A36 /* Composer */ = {
			isa = PBXGroup;
			children = (
				CEBB4AE127760C7C00065A36 /* PopularCollectionUIComposer.swift */,
			);
			path = Composer;
			sourceTree = "<group>";
		};
		CEBB4AE32776187300065A36 /* Adapters */ = {
			isa = PBXGroup;
			children = (
				CEBB4AE42776187B00065A36 /* PopularCollectionViewPresentationAdapter.swift */,
				CEBB4AE6277618A000065A36 /* PopularCollectionViewAdapter.swift */,
				CEBB4AE82776190700065A36 /* PopularMovieImageDataLoaderPresentationAdapter.swift */,
			);
			path = Adapters;
			sourceTree = "<group>";
		};
		CEBB4BB9277865B500065A36 /* Shared Models */ = {
			isa = PBXGroup;
			children = (
				CEBB4A58277057A600065A36 /* Movie.swift */,
			);
			path = "Shared Models";
			sourceTree = "<group>";
		};
		CEBB4BBA277865C800065A36 /* Movie Detail */ = {
			isa = PBXGroup;
			children = (
				CEBB4BBB277865EE00065A36 /* MovieDetailLoader.swift */,
			);
			path = "Movie Detail";
			sourceTree = "<group>";
		};
		CEBB4BBD2778667400065A36 /* Movie Detail */ = {
			isa = PBXGroup;
			children = (
				CEBB4BC127786A2000065A36 /* RemoteMovieDetailLoader.swift */,
				CEBB4BC327786AC500065A36 /* MovieDetailMapper.swift */,
			);
			path = "Movie Detail";
			sourceTree = "<group>";
		};
		CEBB4BBE2778668A00065A36 /* Movie Detail */ = {
			isa = PBXGroup;
			children = (
				CEBB4BBF277866AA00065A36 /* RemoteMovieDetailLoaderTests.swift */,
			);
			path = "Movie Detail";
			sourceTree = "<group>";
		};
		CEBB4BC62779EADE00065A36 /* Movie Details */ = {
			isa = PBXGroup;
			children = (
				CEBB4BCA2779EB3400065A36 /* Views */,
				CEBB4BC92779EB1000065A36 /* Controller */,
			);
			path = "Movie Details";
			sourceTree = "<group>";
		};
		CEBB4BC92779EB1000065A36 /* Controller */ = {
			isa = PBXGroup;
			children = (
				CEBB4BC72779EAEE00065A36 /* MovieDetailsViewController.swift */,
			);
			path = Controller;
			sourceTree = "<group>";
		};
		CEBB4BCA2779EB3400065A36 /* Views */ = {
			isa = PBXGroup;
			children = (
				CEBB4BCB2779EB4100065A36 /* MovieDetailsView.swift */,
			);
			path = Views;
			sourceTree = "<group>";
		};
		CEBB4BCD2779EED100065A36 /* Movie Details */ = {
			isa = PBXGroup;
			children = (
				CEBB4BCE2779EEEF00065A36 /* Controllers */,
			);
			path = "Movie Details";
			sourceTree = "<group>";
		};
		CEBB4BCE2779EEEF00065A36 /* Controllers */ = {
			isa = PBXGroup;
			children = (
				CEBB4BCF2779EEFC00065A36 /* MovieDetailsViewControllerTests.swift */,
			);
			path = Controllers;
			sourceTree = "<group>";
		};
		CEBB4BD12779F26900065A36 /* Helpers */ = {
			isa = PBXGroup;
			children = (
				CEBB4BD22779F27A00065A36 /* XCTestCase+TestHelpers.swift */,
			);
			path = Helpers;
			sourceTree = "<group>";
		};
		CEDA25632770528000452221 = {
			isa = PBXGroup;
			children = (
				CEDA256F2770528000452221 /* ShowTimeCore */,
				CEDA25792770528100452221 /* ShowTimeCoreTests */,
				CEBB4A9327730B1000065A36 /* ShowTimeiOS */,
				CEBB4A9D27730B1100065A36 /* ShowTimeiOSTests */,
				CEDA256E2770528000452221 /* Products */,
				CEBB4AAA27730E2100065A36 /* Frameworks */,
			);
			sourceTree = "<group>";
		};
		CEDA256E2770528000452221 /* Products */ = {
			isa = PBXGroup;
			children = (
				CEDA256D2770528000452221 /* ShowTimeCore.framework */,
				CEDA25752770528100452221 /* ShowTimeCoreTests.xctest */,
				CEBB4A9227730B1000065A36 /* ShowTimeiOS.framework */,
				CEBB4A9927730B1100065A36 /* ShowTimeiOSTests.xctest */,
			);
			name = Products;
			sourceTree = "<group>";
		};
		CEDA256F2770528000452221 /* ShowTimeCore */ = {
			isa = PBXGroup;
			children = (
				CEBB4A54277056CE00065A36 /* Features */,
				CEBB4A6627708F3B00065A36 /* Network */,
			);
			path = ShowTimeCore;
			sourceTree = "<group>";
		};
		CEDA25792770528100452221 /* ShowTimeCoreTests */ = {
			isa = PBXGroup;
			children = (
				CEBB4A63277089A700065A36 /* Helpers */,
				CEBB4A5F27705CD000065A36 /* Network */,
			);
			path = ShowTimeCoreTests;
			sourceTree = "<group>";
		};
/* End PBXGroup section */

/* Begin PBXHeadersBuildPhase section */
		CEBB4A8D27730B1000065A36 /* Headers */ = {
			isa = PBXHeadersBuildPhase;
			buildActionMask = 2147483647;
			files = (
			);
			runOnlyForDeploymentPostprocessing = 0;
		};
		CEDA25682770528000452221 /* Headers */ = {
			isa = PBXHeadersBuildPhase;
			buildActionMask = 2147483647;
			files = (
			);
			runOnlyForDeploymentPostprocessing = 0;
		};
/* End PBXHeadersBuildPhase section */

/* Begin PBXNativeTarget section */
		CEBB4A9127730B1000065A36 /* ShowTimeiOS */ = {
			isa = PBXNativeTarget;
			buildConfigurationList = CEBB4AA127730B1100065A36 /* Build configuration list for PBXNativeTarget "ShowTimeiOS" */;
			buildPhases = (
				CEBB4A8D27730B1000065A36 /* Headers */,
				CEBB4A8E27730B1000065A36 /* Sources */,
				CEBB4A8F27730B1000065A36 /* Frameworks */,
				CEBB4A9027730B1000065A36 /* Resources */,
				CEBB4AAF27730E2100065A36 /* Embed Frameworks */,
			);
			buildRules = (
			);
			dependencies = (
				CEBB4AAE27730E2100065A36 /* PBXTargetDependency */,
			);
			name = ShowTimeiOS;
			productName = ShowTimeiOS;
			productReference = CEBB4A9227730B1000065A36 /* ShowTimeiOS.framework */;
			productType = "com.apple.product-type.framework";
		};
		CEBB4A9827730B1100065A36 /* ShowTimeiOSTests */ = {
			isa = PBXNativeTarget;
			buildConfigurationList = CEBB4AA427730B1100065A36 /* Build configuration list for PBXNativeTarget "ShowTimeiOSTests" */;
			buildPhases = (
				CEBB4A9527730B1100065A36 /* Sources */,
				CEBB4A9627730B1100065A36 /* Frameworks */,
				CEBB4A9727730B1100065A36 /* Resources */,
			);
			buildRules = (
			);
			dependencies = (
				CEBB4A9C27730B1100065A36 /* PBXTargetDependency */,
			);
			name = ShowTimeiOSTests;
			productName = ShowTimeiOSTests;
			productReference = CEBB4A9927730B1100065A36 /* ShowTimeiOSTests.xctest */;
			productType = "com.apple.product-type.bundle.unit-test";
		};
		CEDA256C2770528000452221 /* ShowTimeCore */ = {
			isa = PBXNativeTarget;
			buildConfigurationList = CEDA257F2770528100452221 /* Build configuration list for PBXNativeTarget "ShowTimeCore" */;
			buildPhases = (
				CEDA25682770528000452221 /* Headers */,
				CEDA25692770528000452221 /* Sources */,
				CEDA256A2770528000452221 /* Frameworks */,
				CEDA256B2770528000452221 /* Resources */,
			);
			buildRules = (
			);
			dependencies = (
			);
			name = ShowTimeCore;
			productName = ShowTimeCore;
			productReference = CEDA256D2770528000452221 /* ShowTimeCore.framework */;
			productType = "com.apple.product-type.framework";
		};
		CEDA25742770528100452221 /* ShowTimeCoreTests */ = {
			isa = PBXNativeTarget;
			buildConfigurationList = CEDA25822770528100452221 /* Build configuration list for PBXNativeTarget "ShowTimeCoreTests" */;
			buildPhases = (
				CEDA25712770528100452221 /* Sources */,
				CEDA25722770528100452221 /* Frameworks */,
				CEDA25732770528100452221 /* Resources */,
			);
			buildRules = (
			);
			dependencies = (
				CEDA25782770528100452221 /* PBXTargetDependency */,
			);
			name = ShowTimeCoreTests;
			productName = ShowTimeCoreTests;
			productReference = CEDA25752770528100452221 /* ShowTimeCoreTests.xctest */;
			productType = "com.apple.product-type.bundle.unit-test";
		};
/* End PBXNativeTarget section */

/* Begin PBXProject section */
		CEDA25642770528000452221 /* Project object */ = {
			isa = PBXProject;
			attributes = {
				BuildIndependentTargetsInParallel = 1;
				LastSwiftUpdateCheck = 1320;
				LastUpgradeCheck = 1320;
				TargetAttributes = {
					CEBB4A9127730B1000065A36 = {
						CreatedOnToolsVersion = 13.2.1;
						LastSwiftMigration = 1320;
					};
					CEBB4A9827730B1100065A36 = {
						CreatedOnToolsVersion = 13.2.1;
					};
					CEDA256C2770528000452221 = {
						CreatedOnToolsVersion = 13.2.1;
						LastSwiftMigration = 1320;
					};
					CEDA25742770528100452221 = {
						CreatedOnToolsVersion = 13.2.1;
					};
				};
			};
			buildConfigurationList = CEDA25672770528000452221 /* Build configuration list for PBXProject "ShowTimeCore" */;
			compatibilityVersion = "Xcode 13.0";
			developmentRegion = en;
			hasScannedForEncodings = 0;
			knownRegions = (
				en,
				Base,
			);
			mainGroup = CEDA25632770528000452221;
			productRefGroup = CEDA256E2770528000452221 /* Products */;
			projectDirPath = "";
			projectRoot = "";
			targets = (
				CEDA256C2770528000452221 /* ShowTimeCore */,
				CEDA25742770528100452221 /* ShowTimeCoreTests */,
				CEBB4A9127730B1000065A36 /* ShowTimeiOS */,
				CEBB4A9827730B1100065A36 /* ShowTimeiOSTests */,
			);
		};
/* End PBXProject section */

/* Begin PBXResourcesBuildPhase section */
		CEBB4A9027730B1000065A36 /* Resources */ = {
			isa = PBXResourcesBuildPhase;
			buildActionMask = 2147483647;
			files = (
			);
			runOnlyForDeploymentPostprocessing = 0;
		};
		CEBB4A9727730B1100065A36 /* Resources */ = {
			isa = PBXResourcesBuildPhase;
			buildActionMask = 2147483647;
			files = (
			);
			runOnlyForDeploymentPostprocessing = 0;
		};
		CEDA256B2770528000452221 /* Resources */ = {
			isa = PBXResourcesBuildPhase;
			buildActionMask = 2147483647;
			files = (
			);
			runOnlyForDeploymentPostprocessing = 0;
		};
		CEDA25732770528100452221 /* Resources */ = {
			isa = PBXResourcesBuildPhase;
			buildActionMask = 2147483647;
			files = (
			);
			runOnlyForDeploymentPostprocessing = 0;
		};
/* End PBXResourcesBuildPhase section */

/* Begin PBXSourcesBuildPhase section */
		CEBB4A8E27730B1000065A36 /* Sources */ = {
			isa = PBXSourcesBuildPhase;
			buildActionMask = 2147483647;
			files = (
				CEBB4BB22777470F00065A36 /* MainQueueDispatchDecorator.swift in Sources */,
				CEBB4AE7277618A000065A36 /* PopularCollectionViewAdapter.swift in Sources */,
				CEBB4AD82775CD3000065A36 /* PopularMoviePresenter.swift in Sources */,
				CEBB4AEB2776195800065A36 /* WeakRefVirtualProxy.swift in Sources */,
				CEBB4ADC2775CF0C00065A36 /* UIImageView+Animations.swift in Sources */,
				CEBB4ACD2775CAAF00065A36 /* PopularMovieCellController.swift in Sources */,
				CEBB4AB92775C66900065A36 /* UIView+Shimmering.swift in Sources */,
				CEBB4AE92776190700065A36 /* PopularMovieImageDataLoaderPresentationAdapter.swift in Sources */,
				CEBB4AB62775C5EC00065A36 /* PopularCollectionViewController.swift in Sources */,
				CEBB4BB827775D1D00065A36 /* PopularCollectionPagingViewModel.swift in Sources */,
				CEBB4AE227760C7C00065A36 /* PopularCollectionUIComposer.swift in Sources */,
				CEBB4AD62775CC0F00065A36 /* PopularCollectionViewPresenter.swift in Sources */,
				CEBB4AD22775CB9300065A36 /* PopularCollectionViewModel.swift in Sources */,
				CEBB4AB32775C5B700065A36 /* PopularMovieCell.swift in Sources */,
				CEBB4BB6277756E400065A36 /* PopularCollectionPagingController.swift in Sources */,
				CEBB4AD42775CBE400065A36 /* PopularCollectionLoadingViewModel.swift in Sources */,
				CEBB4BCC2779EB4100065A36 /* MovieDetailsView.swift in Sources */,
				CEBB4BC82779EAEE00065A36 /* MovieDetailsViewController.swift in Sources */,
				CEBB4AE52776187B00065A36 /* PopularCollectionViewPresentationAdapter.swift in Sources */,
			);
			runOnlyForDeploymentPostprocessing = 0;
		};
		CEBB4A9527730B1100065A36 /* Sources */ = {
			isa = PBXSourcesBuildPhase;
			buildActionMask = 2147483647;
			files = (
				CEBB4BD02779EEFC00065A36 /* MovieDetailsViewControllerTests.swift in Sources */,
				CEBB4AC32775C7C700065A36 /* PopularMovieCell+TestHelpers.swift in Sources */,
				CEBB4ACB2775C96300065A36 /* PopularCollection+TestHelpers.swift in Sources */,
				CEBB4BD32779F27A00065A36 /* XCTestCase+TestHelpers.swift in Sources */,
				CEBB4AC52775C7F000065A36 /* UIRefreshControl+TestHelpers.swift in Sources */,
				CEBB4AC12775C72E00065A36 /* PopularCollectionViewController+TestHelpers.swift in Sources */,
				CEBB4AC72775C80C00065A36 /* UIControl+TestHelpers.swift in Sources */,
				CEBB4AA927730D8200065A36 /* PopularCollectionViewControllerTests.swift in Sources */,
				CEBB4AC92775C82800065A36 /* UIImage+TestHelpers.swift in Sources */,
			);
			runOnlyForDeploymentPostprocessing = 0;
		};
		CEDA25692770528000452221 /* Sources */ = {
			isa = PBXSourcesBuildPhase;
			buildActionMask = 2147483647;
			files = (
				CEBB4BBC277865EE00065A36 /* MovieDetailLoader.swift in Sources */,
				CEBB4A732770902600065A36 /* RemoteMovie.swift in Sources */,
				CEBB4A7D2771C22A00065A36 /* URLSessionHTTPClient.swift in Sources */,
				CEBB4BC427786AC500065A36 /* MovieDetailMapper.swift in Sources */,
				CEBB4A8C2771D25B00065A36 /* RemoteImageDataLoader.swift in Sources */,
				CEBB4A5D27705BCF00065A36 /* PopularMoviesLoader.swift in Sources */,
				CEBB4A6C27708F8500065A36 /* RemotePopularMoviesLoader.swift in Sources */,
				CEBB4A59277057A600065A36 /* Movie.swift in Sources */,
				CEBB4A6F27708FCB00065A36 /* PopularMoviesMapper.swift in Sources */,
				CEBB4BC227786A2000065A36 /* RemoteMovieDetailLoader.swift in Sources */,
				CEBB4A782770918800065A36 /* HTTPClient.swift in Sources */,
				CEBB4A5B2770584E00065A36 /* PopularCollection.swift in Sources */,
				CEBB4A6A27708F6300065A36 /* APIEndpoint.swift in Sources */,
				CEBB4A892771D22C00065A36 /* ImageDataLoader.swift in Sources */,
				CEBB4A712770900C00065A36 /* RemotePopularMovies.swift in Sources */,
			);
			runOnlyForDeploymentPostprocessing = 0;
		};
		CEDA25712770528100452221 /* Sources */ = {
			isa = PBXSourcesBuildPhase;
			buildActionMask = 2147483647;
			files = (
				CEBB4BC527786EEA00065A36 /* RemoteMovieDetailLoaderTests.swift in Sources */,
				CEBB4A65277089B600065A36 /* XCTestCase+TestHelpers.swift in Sources */,
				CEBB4A862771C4FF00065A36 /* HTTPClientSpy.swift in Sources */,
				CEBB4A76277090DB00065A36 /* PopularMoviesRequest+TestHelpers.swift in Sources */,
				CEBB4A6227705D0000065A36 /* RemotePopularMoviesLoaderTests.swift in Sources */,
				CEBB4A7A2771BB3800065A36 /* URLSessionClientTests.swift in Sources */,
				CEBB4A832771C3C600065A36 /* RemoteImageDataLoaderTests.swift in Sources */,
			);
			runOnlyForDeploymentPostprocessing = 0;
		};
/* End PBXSourcesBuildPhase section */

/* Begin PBXTargetDependency section */
		CEBB4A9C27730B1100065A36 /* PBXTargetDependency */ = {
			isa = PBXTargetDependency;
			target = CEBB4A9127730B1000065A36 /* ShowTimeiOS */;
			targetProxy = CEBB4A9B27730B1100065A36 /* PBXContainerItemProxy */;
		};
		CEBB4AAE27730E2100065A36 /* PBXTargetDependency */ = {
			isa = PBXTargetDependency;
			target = CEDA256C2770528000452221 /* ShowTimeCore */;
			targetProxy = CEBB4AAD27730E2100065A36 /* PBXContainerItemProxy */;
		};
		CEDA25782770528100452221 /* PBXTargetDependency */ = {
			isa = PBXTargetDependency;
			target = CEDA256C2770528000452221 /* ShowTimeCore */;
			targetProxy = CEDA25772770528100452221 /* PBXContainerItemProxy */;
		};
/* End PBXTargetDependency section */

/* Begin XCBuildConfiguration section */
		CEBB4AA227730B1100065A36 /* Debug */ = {
			isa = XCBuildConfiguration;
			buildSettings = {
				CLANG_ENABLE_MODULES = YES;
				CODE_SIGN_STYLE = Automatic;
				CURRENT_PROJECT_VERSION = 1;
				DEFINES_MODULE = YES;
				DYLIB_COMPATIBILITY_VERSION = 1;
				DYLIB_CURRENT_VERSION = 1;
				DYLIB_INSTALL_NAME_BASE = "@rpath";
				GENERATE_INFOPLIST_FILE = YES;
				INFOPLIST_KEY_NSHumanReadableCopyright = "";
				INSTALL_PATH = "$(LOCAL_LIBRARY_DIR)/Frameworks";
				IPHONEOS_DEPLOYMENT_TARGET = 15.2;
				LD_RUNPATH_SEARCH_PATHS = (
					"$(inherited)",
					"@executable_path/Frameworks",
					"@loader_path/Frameworks",
				);
				MARKETING_VERSION = 1.0;
				PRODUCT_BUNDLE_IDENTIFIER = com.hoangnn.ShowTimeiOS;
				PRODUCT_NAME = "$(TARGET_NAME:c99extidentifier)";
				SDKROOT = iphoneos;
				SKIP_INSTALL = YES;
				SUPPORTS_MACCATALYST = NO;
				SWIFT_EMIT_LOC_STRINGS = YES;
				SWIFT_OPTIMIZATION_LEVEL = "-Onone";
				SWIFT_VERSION = 5.0;
				TARGETED_DEVICE_FAMILY = 1;
			};
			name = Debug;
		};
		CEBB4AA327730B1100065A36 /* Release */ = {
			isa = XCBuildConfiguration;
			buildSettings = {
				CLANG_ENABLE_MODULES = YES;
				CODE_SIGN_STYLE = Automatic;
				CURRENT_PROJECT_VERSION = 1;
				DEFINES_MODULE = YES;
				DYLIB_COMPATIBILITY_VERSION = 1;
				DYLIB_CURRENT_VERSION = 1;
				DYLIB_INSTALL_NAME_BASE = "@rpath";
				GENERATE_INFOPLIST_FILE = YES;
				INFOPLIST_KEY_NSHumanReadableCopyright = "";
				INSTALL_PATH = "$(LOCAL_LIBRARY_DIR)/Frameworks";
				IPHONEOS_DEPLOYMENT_TARGET = 15.2;
				LD_RUNPATH_SEARCH_PATHS = (
					"$(inherited)",
					"@executable_path/Frameworks",
					"@loader_path/Frameworks",
				);
				MARKETING_VERSION = 1.0;
				PRODUCT_BUNDLE_IDENTIFIER = com.hoangnn.ShowTimeiOS;
				PRODUCT_NAME = "$(TARGET_NAME:c99extidentifier)";
				SDKROOT = iphoneos;
				SKIP_INSTALL = YES;
				SUPPORTS_MACCATALYST = NO;
				SWIFT_EMIT_LOC_STRINGS = YES;
				SWIFT_VERSION = 5.0;
				TARGETED_DEVICE_FAMILY = 1;
				VALIDATE_PRODUCT = YES;
			};
			name = Release;
		};
		CEBB4AA527730B1100065A36 /* Debug */ = {
			isa = XCBuildConfiguration;
			buildSettings = {
				ALWAYS_EMBED_SWIFT_STANDARD_LIBRARIES = YES;
				CODE_SIGN_STYLE = Automatic;
				CURRENT_PROJECT_VERSION = 1;
				GENERATE_INFOPLIST_FILE = YES;
				IPHONEOS_DEPLOYMENT_TARGET = 15.2;
				MARKETING_VERSION = 1.0;
				PRODUCT_BUNDLE_IDENTIFIER = com.hoangnn.ShowTimeiOSTests;
				PRODUCT_NAME = "$(TARGET_NAME)";
				SDKROOT = iphoneos;
				SWIFT_EMIT_LOC_STRINGS = NO;
				SWIFT_VERSION = 5.0;
				TARGETED_DEVICE_FAMILY = "1,2";
			};
			name = Debug;
		};
		CEBB4AA627730B1100065A36 /* Release */ = {
			isa = XCBuildConfiguration;
			buildSettings = {
				ALWAYS_EMBED_SWIFT_STANDARD_LIBRARIES = YES;
				CODE_SIGN_STYLE = Automatic;
				CURRENT_PROJECT_VERSION = 1;
				GENERATE_INFOPLIST_FILE = YES;
				IPHONEOS_DEPLOYMENT_TARGET = 15.2;
				MARKETING_VERSION = 1.0;
				PRODUCT_BUNDLE_IDENTIFIER = com.hoangnn.ShowTimeiOSTests;
				PRODUCT_NAME = "$(TARGET_NAME)";
				SDKROOT = iphoneos;
				SWIFT_EMIT_LOC_STRINGS = NO;
				SWIFT_VERSION = 5.0;
				TARGETED_DEVICE_FAMILY = "1,2";
				VALIDATE_PRODUCT = YES;
			};
			name = Release;
		};
		CEDA257D2770528100452221 /* Debug */ = {
			isa = XCBuildConfiguration;
			buildSettings = {
				ALWAYS_SEARCH_USER_PATHS = NO;
				CLANG_ANALYZER_NONNULL = YES;
				CLANG_ANALYZER_NUMBER_OBJECT_CONVERSION = YES_AGGRESSIVE;
				CLANG_CXX_LANGUAGE_STANDARD = "gnu++17";
				CLANG_CXX_LIBRARY = "libc++";
				CLANG_ENABLE_MODULES = YES;
				CLANG_ENABLE_OBJC_ARC = YES;
				CLANG_ENABLE_OBJC_WEAK = YES;
				CLANG_WARN_BLOCK_CAPTURE_AUTORELEASING = YES;
				CLANG_WARN_BOOL_CONVERSION = YES;
				CLANG_WARN_COMMA = YES;
				CLANG_WARN_CONSTANT_CONVERSION = YES;
				CLANG_WARN_DEPRECATED_OBJC_IMPLEMENTATIONS = YES;
				CLANG_WARN_DIRECT_OBJC_ISA_USAGE = YES_ERROR;
				CLANG_WARN_DOCUMENTATION_COMMENTS = YES;
				CLANG_WARN_EMPTY_BODY = YES;
				CLANG_WARN_ENUM_CONVERSION = YES;
				CLANG_WARN_INFINITE_RECURSION = YES;
				CLANG_WARN_INT_CONVERSION = YES;
				CLANG_WARN_NON_LITERAL_NULL_CONVERSION = YES;
				CLANG_WARN_OBJC_IMPLICIT_RETAIN_SELF = YES;
				CLANG_WARN_OBJC_LITERAL_CONVERSION = YES;
				CLANG_WARN_OBJC_ROOT_CLASS = YES_ERROR;
				CLANG_WARN_QUOTED_INCLUDE_IN_FRAMEWORK_HEADER = YES;
				CLANG_WARN_RANGE_LOOP_ANALYSIS = YES;
				CLANG_WARN_STRICT_PROTOTYPES = YES;
				CLANG_WARN_SUSPICIOUS_MOVE = YES;
				CLANG_WARN_UNGUARDED_AVAILABILITY = YES_AGGRESSIVE;
				CLANG_WARN_UNREACHABLE_CODE = YES;
				CLANG_WARN__DUPLICATE_METHOD_MATCH = YES;
				COPY_PHASE_STRIP = NO;
				CURRENT_PROJECT_VERSION = 1;
				DEBUG_INFORMATION_FORMAT = dwarf;
				ENABLE_STRICT_OBJC_MSGSEND = YES;
				ENABLE_TESTABILITY = YES;
				GCC_C_LANGUAGE_STANDARD = gnu11;
				GCC_DYNAMIC_NO_PIC = NO;
				GCC_NO_COMMON_BLOCKS = YES;
				GCC_OPTIMIZATION_LEVEL = 0;
				GCC_PREPROCESSOR_DEFINITIONS = (
					"DEBUG=1",
					"$(inherited)",
				);
				GCC_WARN_64_TO_32_BIT_CONVERSION = YES;
				GCC_WARN_ABOUT_RETURN_TYPE = YES_ERROR;
				GCC_WARN_UNDECLARED_SELECTOR = YES;
				GCC_WARN_UNINITIALIZED_AUTOS = YES_AGGRESSIVE;
				GCC_WARN_UNUSED_FUNCTION = YES;
				GCC_WARN_UNUSED_VARIABLE = YES;
				MACOSX_DEPLOYMENT_TARGET = 11.6;
				MTL_ENABLE_DEBUG_INFO = INCLUDE_SOURCE;
				MTL_FAST_MATH = YES;
				ONLY_ACTIVE_ARCH = YES;
				SDKROOT = macosx;
				SWIFT_ACTIVE_COMPILATION_CONDITIONS = DEBUG;
				SWIFT_OPTIMIZATION_LEVEL = "-Onone";
				VERSIONING_SYSTEM = "apple-generic";
				VERSION_INFO_PREFIX = "";
			};
			name = Debug;
		};
		CEDA257E2770528100452221 /* Release */ = {
			isa = XCBuildConfiguration;
			buildSettings = {
				ALWAYS_SEARCH_USER_PATHS = NO;
				CLANG_ANALYZER_NONNULL = YES;
				CLANG_ANALYZER_NUMBER_OBJECT_CONVERSION = YES_AGGRESSIVE;
				CLANG_CXX_LANGUAGE_STANDARD = "gnu++17";
				CLANG_CXX_LIBRARY = "libc++";
				CLANG_ENABLE_MODULES = YES;
				CLANG_ENABLE_OBJC_ARC = YES;
				CLANG_ENABLE_OBJC_WEAK = YES;
				CLANG_WARN_BLOCK_CAPTURE_AUTORELEASING = YES;
				CLANG_WARN_BOOL_CONVERSION = YES;
				CLANG_WARN_COMMA = YES;
				CLANG_WARN_CONSTANT_CONVERSION = YES;
				CLANG_WARN_DEPRECATED_OBJC_IMPLEMENTATIONS = YES;
				CLANG_WARN_DIRECT_OBJC_ISA_USAGE = YES_ERROR;
				CLANG_WARN_DOCUMENTATION_COMMENTS = YES;
				CLANG_WARN_EMPTY_BODY = YES;
				CLANG_WARN_ENUM_CONVERSION = YES;
				CLANG_WARN_INFINITE_RECURSION = YES;
				CLANG_WARN_INT_CONVERSION = YES;
				CLANG_WARN_NON_LITERAL_NULL_CONVERSION = YES;
				CLANG_WARN_OBJC_IMPLICIT_RETAIN_SELF = YES;
				CLANG_WARN_OBJC_LITERAL_CONVERSION = YES;
				CLANG_WARN_OBJC_ROOT_CLASS = YES_ERROR;
				CLANG_WARN_QUOTED_INCLUDE_IN_FRAMEWORK_HEADER = YES;
				CLANG_WARN_RANGE_LOOP_ANALYSIS = YES;
				CLANG_WARN_STRICT_PROTOTYPES = YES;
				CLANG_WARN_SUSPICIOUS_MOVE = YES;
				CLANG_WARN_UNGUARDED_AVAILABILITY = YES_AGGRESSIVE;
				CLANG_WARN_UNREACHABLE_CODE = YES;
				CLANG_WARN__DUPLICATE_METHOD_MATCH = YES;
				COPY_PHASE_STRIP = NO;
				CURRENT_PROJECT_VERSION = 1;
				DEBUG_INFORMATION_FORMAT = "dwarf-with-dsym";
				ENABLE_NS_ASSERTIONS = NO;
				ENABLE_STRICT_OBJC_MSGSEND = YES;
				GCC_C_LANGUAGE_STANDARD = gnu11;
				GCC_NO_COMMON_BLOCKS = YES;
				GCC_WARN_64_TO_32_BIT_CONVERSION = YES;
				GCC_WARN_ABOUT_RETURN_TYPE = YES_ERROR;
				GCC_WARN_UNDECLARED_SELECTOR = YES;
				GCC_WARN_UNINITIALIZED_AUTOS = YES_AGGRESSIVE;
				GCC_WARN_UNUSED_FUNCTION = YES;
				GCC_WARN_UNUSED_VARIABLE = YES;
				MACOSX_DEPLOYMENT_TARGET = 11.6;
				MTL_ENABLE_DEBUG_INFO = NO;
				MTL_FAST_MATH = YES;
				SDKROOT = macosx;
				SWIFT_COMPILATION_MODE = wholemodule;
				SWIFT_OPTIMIZATION_LEVEL = "-O";
				VERSIONING_SYSTEM = "apple-generic";
				VERSION_INFO_PREFIX = "";
			};
			name = Release;
		};
		CEDA25802770528100452221 /* Debug */ = {
			isa = XCBuildConfiguration;
			buildSettings = {
				CLANG_ENABLE_MODULES = YES;
				CODE_SIGN_STYLE = Automatic;
				COMBINE_HIDPI_IMAGES = YES;
				CURRENT_PROJECT_VERSION = 1;
				DEFINES_MODULE = YES;
				DYLIB_COMPATIBILITY_VERSION = 1;
				DYLIB_CURRENT_VERSION = 1;
				DYLIB_INSTALL_NAME_BASE = "@rpath";
				GENERATE_INFOPLIST_FILE = YES;
				INFOPLIST_KEY_NSHumanReadableCopyright = "";
				INSTALL_PATH = "$(LOCAL_LIBRARY_DIR)/Frameworks";
				LD_RUNPATH_SEARCH_PATHS = (
					"$(inherited)",
					"@executable_path/../Frameworks",
					"@loader_path/Frameworks",
				);
				MARKETING_VERSION = 1.0;
				PRODUCT_BUNDLE_IDENTIFIER = com.hoangnn.ShowTimeCore;
				PRODUCT_NAME = "$(TARGET_NAME:c99extidentifier)";
				SKIP_INSTALL = YES;
				SUPPORTED_PLATFORMS = "macosx iphonesimulator iphoneos";
				SWIFT_EMIT_LOC_STRINGS = YES;
				SWIFT_OPTIMIZATION_LEVEL = "-Onone";
				SWIFT_VERSION = 5.0;
			};
			name = Debug;
		};
		CEDA25812770528100452221 /* Release */ = {
			isa = XCBuildConfiguration;
			buildSettings = {
				CLANG_ENABLE_MODULES = YES;
				CODE_SIGN_STYLE = Automatic;
				COMBINE_HIDPI_IMAGES = YES;
				CURRENT_PROJECT_VERSION = 1;
				DEFINES_MODULE = YES;
				DYLIB_COMPATIBILITY_VERSION = 1;
				DYLIB_CURRENT_VERSION = 1;
				DYLIB_INSTALL_NAME_BASE = "@rpath";
				GENERATE_INFOPLIST_FILE = YES;
				INFOPLIST_KEY_NSHumanReadableCopyright = "";
				INSTALL_PATH = "$(LOCAL_LIBRARY_DIR)/Frameworks";
				LD_RUNPATH_SEARCH_PATHS = (
					"$(inherited)",
					"@executable_path/../Frameworks",
					"@loader_path/Frameworks",
				);
				MARKETING_VERSION = 1.0;
				PRODUCT_BUNDLE_IDENTIFIER = com.hoangnn.ShowTimeCore;
				PRODUCT_NAME = "$(TARGET_NAME:c99extidentifier)";
				SKIP_INSTALL = YES;
				SUPPORTED_PLATFORMS = "macosx iphonesimulator iphoneos";
				SWIFT_EMIT_LOC_STRINGS = YES;
				SWIFT_VERSION = 5.0;
			};
			name = Release;
		};
		CEDA25832770528100452221 /* Debug */ = {
			isa = XCBuildConfiguration;
			buildSettings = {
				ALWAYS_EMBED_SWIFT_STANDARD_LIBRARIES = YES;
				CODE_SIGN_STYLE = Automatic;
				CURRENT_PROJECT_VERSION = 1;
				GENERATE_INFOPLIST_FILE = YES;
				MARKETING_VERSION = 1.0;
				PRODUCT_BUNDLE_IDENTIFIER = com.hoangnn.ShowTimeCoreTests;
				PRODUCT_NAME = "$(TARGET_NAME)";
				SUPPORTED_PLATFORMS = "macosx iphoneos iphonesimulator";
				SWIFT_EMIT_LOC_STRINGS = NO;
				SWIFT_VERSION = 5.0;
			};
			name = Debug;
		};
		CEDA25842770528100452221 /* Release */ = {
			isa = XCBuildConfiguration;
			buildSettings = {
				ALWAYS_EMBED_SWIFT_STANDARD_LIBRARIES = YES;
				CODE_SIGN_STYLE = Automatic;
				CURRENT_PROJECT_VERSION = 1;
				GENERATE_INFOPLIST_FILE = YES;
				MARKETING_VERSION = 1.0;
				PRODUCT_BUNDLE_IDENTIFIER = com.hoangnn.ShowTimeCoreTests;
				PRODUCT_NAME = "$(TARGET_NAME)";
				SUPPORTED_PLATFORMS = "macosx iphoneos iphonesimulator";
				SWIFT_EMIT_LOC_STRINGS = NO;
				SWIFT_VERSION = 5.0;
			};
			name = Release;
		};
/* End XCBuildConfiguration section */

/* Begin XCConfigurationList section */
		CEBB4AA127730B1100065A36 /* Build configuration list for PBXNativeTarget "ShowTimeiOS" */ = {
			isa = XCConfigurationList;
			buildConfigurations = (
				CEBB4AA227730B1100065A36 /* Debug */,
				CEBB4AA327730B1100065A36 /* Release */,
			);
			defaultConfigurationIsVisible = 0;
			defaultConfigurationName = Release;
		};
		CEBB4AA427730B1100065A36 /* Build configuration list for PBXNativeTarget "ShowTimeiOSTests" */ = {
			isa = XCConfigurationList;
			buildConfigurations = (
				CEBB4AA527730B1100065A36 /* Debug */,
				CEBB4AA627730B1100065A36 /* Release */,
			);
			defaultConfigurationIsVisible = 0;
			defaultConfigurationName = Release;
		};
		CEDA25672770528000452221 /* Build configuration list for PBXProject "ShowTimeCore" */ = {
			isa = XCConfigurationList;
			buildConfigurations = (
				CEDA257D2770528100452221 /* Debug */,
				CEDA257E2770528100452221 /* Release */,
			);
			defaultConfigurationIsVisible = 0;
			defaultConfigurationName = Release;
		};
		CEDA257F2770528100452221 /* Build configuration list for PBXNativeTarget "ShowTimeCore" */ = {
			isa = XCConfigurationList;
			buildConfigurations = (
				CEDA25802770528100452221 /* Debug */,
				CEDA25812770528100452221 /* Release */,
			);
			defaultConfigurationIsVisible = 0;
			defaultConfigurationName = Release;
		};
		CEDA25822770528100452221 /* Build configuration list for PBXNativeTarget "ShowTimeCoreTests" */ = {
			isa = XCConfigurationList;
			buildConfigurations = (
				CEDA25832770528100452221 /* Debug */,
				CEDA25842770528100452221 /* Release */,
			);
			defaultConfigurationIsVisible = 0;
			defaultConfigurationName = Release;
		};
/* End XCConfigurationList section */
	};
	rootObject = CEDA25642770528000452221 /* Project object */;
}
